
Microsoft Visual Studio Solution File, Format Version 12.00
# Visual Studio Version 17
VisualStudioVersion = 17.8.34525.116
MinimumVisualStudioVersion = 10.0.40219.1
Project("{9A19103F-16F7-4668-BE54-9A1E7A4F7556}") = "PasswordVerification", "PasswordVerification\PasswordVerification.csproj", "{96FDA7E0-B52E-4858-96F5-F4F690D83CCA}"
EndProject
Project("{9A19103F-16F7-4668-BE54-9A1E7A4F7556}") = "PasswordVerification.Solution", "PasswordVerification.Solution\PasswordVerification.Solution.csproj", "{ECBBDC6D-F538-4967-8C41-B5BE4474D538}"
EndProject
Project("{9A19103F-16F7-4668-BE54-9A1E7A4F7556}") = "PasswordVerification.Solution.Tests", "PasswordVerification.Solution.Tests\PasswordVerification.Solution.Tests.csproj", "{BEA7BA3D-6B40-4D34-99DB-4FD8940E78BF}"
EndProject
Project("{FAE04EC0-301F-11D3-BF4B-00C04F79EFBC}") = "Program", "Program\Program.csproj", "{20FCB118-F6A1-40DE-8588-789C7BE38365}"
EndProject
Global
	GlobalSection(SolutionConfigurationPlatforms) = preSolution
		Debug|Any CPU = Debug|Any CPU
		Release|Any CPU = Release|Any CPU
	EndGlobalSection
	GlobalSection(ProjectConfigurationPlatforms) = postSolution
		{96FDA7E0-B52E-4858-96F5-F4F690D83CCA}.Debug|Any CPU.ActiveCfg = Debug|Any CPU
		{96FDA7E0-B52E-4858-96F5-F4F690D83CCA}.Debug|Any CPU.Build.0 = Debug|Any CPU
		{96FDA7E0-B52E-4858-96F5-F4F690D83CCA}.Release|Any CPU.ActiveCfg = Release|Any CPU
		{96FDA7E0-B52E-4858-96F5-F4F690D83CCA}.Release|Any CPU.Build.0 = Release|Any CPU
		{ECBBDC6D-F538-4967-8C41-B5BE4474D538}.Debug|Any CPU.ActiveCfg = Debug|Any CPU
		{ECBBDC6D-F538-4967-8C41-B5BE4474D538}.Debug|Any CPU.Build.0 = Debug|Any CPU
		{ECBBDC6D-F538-4967-8C41-B5BE4474D538}.Release|Any CPU.ActiveCfg = Release|Any CPU
		{ECBBDC6D-F538-4967-8C41-B5BE4474D538}.Release|Any CPU.Build.0 = Release|Any CPU
		{BEA7BA3D-6B40-4D34-99DB-4FD8940E78BF}.Debug|Any CPU.ActiveCfg = Debug|Any CPU
		{BEA7BA3D-6B40-4D34-99DB-4FD8940E78BF}.Debug|Any CPU.Build.0 = Debug|Any CPU
		{BEA7BA3D-6B40-4D34-99DB-4FD8940E78BF}.Release|Any CPU.ActiveCfg = Release|Any CPU
		{BEA7BA3D-6B40-4D34-99DB-4FD8940E78BF}.Release|Any CPU.Build.0 = Release|Any CPU
		{20FCB118-F6A1-40DE-8588-789C7BE38365}.Debug|Any CPU.ActiveCfg = Debug|Any CPU
		{20FCB118-F6A1-40DE-8588-789C7BE38365}.Debug|Any CPU.Build.0 = Debug|Any CPU
		{20FCB118-F6A1-40DE-8588-789C7BE38365}.Release|Any CPU.ActiveCfg = Release|Any CPU
		{20FCB118-F6A1-40DE-8588-789C7BE38365}.Release|Any CPU.Build.0 = Release|Any CPU
	EndGlobalSection
	GlobalSection(SolutionProperties) = preSolution
		HideSolutionNode = FALSE
	EndGlobalSection
	GlobalSection(ExtensibilityGlobals) = postSolution
		SolutionGuid = {EF2BBF50-E00C-438B-AA6B-754072E1B8E2}
	EndGlobalSection
EndGlobal
